<?xml version="1.0" encoding="utf-8"?>
<Project ToolsVersion="4.0" xmlns="http://schemas.microsoft.com/developer/msbuild/2003">
  <ItemGroup>
    <Filter Include="win32">
      <UniqueIdentifier>{84a8ebd7-7cf0-47f6-b75e-d441df67da40}</UniqueIdentifier>
    </Filter>
    <Filter Include="resource">
      <UniqueIdentifier>{715254bc-d70b-4ec5-bf29-467dd3ace079}</UniqueIdentifier>
    </Filter>
    <Filter Include="src">
      <UniqueIdentifier>{bb6c862e-70e9-49d9-81b7-3829a6f50471}</UniqueIdentifier>
    </Filter>
    <Filter Include="src\scene">
      <UniqueIdentifier>{af770cbc-a9e3-4e6e-953b-11b73854268a}</UniqueIdentifier>
    </Filter>
    <Filter Include="src\input">
      <UniqueIdentifier>{38d6d0ea-b379-4bdf-8de1-4eb67b03947a}</UniqueIdentifier>
    </Filter>
    <Filter Include="src\scene\step99">
      <UniqueIdentifier>{a76eefdc-f54a-43c8-b51e-7dead6c0bd9d}</UniqueIdentifier>
    </Filter>
    <Filter Include="src\cpg">
      <UniqueIdentifier>{ee264d72-c524-4e05-a8c4-f49610304426}</UniqueIdentifier>
    </Filter>
    <Filter Include="src\fsm1">
      <UniqueIdentifier>{883a7dff-b905-40e3-b5b4-65effc8c3abf}</UniqueIdentifier>
    </Filter>
    <Filter Include="src\animation">
      <UniqueIdentifier>{1257b598-16f9-4be8-81d6-9e22d089a147}</UniqueIdentifier>
    </Filter>
    <Filter Include="src\table">
      <UniqueIdentifier>{f016cb03-47a6-4a5c-b33d-9986b9dbc156}</UniqueIdentifier>
    </Filter>
    <Filter Include="src\scene\step_02_clickclick">
      <UniqueIdentifier>{f0a8247b-c79a-4550-845d-19e0c375ca24}</UniqueIdentifier>
    </Filter>
    <Filter Include="src\scene\step_02_clickclick\animation">
      <UniqueIdentifier>{21100d58-fa07-4a20-ad3b-1c9dc0025dd4}</UniqueIdentifier>
    </Filter>
    <Filter Include="src\scene\step_02_clickclick\button">
      <UniqueIdentifier>{78ebed0e-5d7e-41b2-b6aa-65f57b5c0d0c}</UniqueIdentifier>
    </Filter>
    <Filter Include="src\scene\step_02_clickclick\game">
      <UniqueIdentifier>{652a0772-9c10-4690-b125-871cae8fc31f}</UniqueIdentifier>
    </Filter>
    <Filter Include="src\scene\step_03_pathfinder">
      <UniqueIdentifier>{23d6f0e6-cda1-48d5-8cc2-def067a22a4b}</UniqueIdentifier>
    </Filter>
    <Filter Include="src\scene\step_03_pathfinder\game">
      <UniqueIdentifier>{1d2e84c5-1a40-4da7-a5da-e86968e094bf}</UniqueIdentifier>
    </Filter>
    <Filter Include="src\scene\step_03_pathfinder\json">
      <UniqueIdentifier>{17a57a53-55f5-4cad-97dc-102cdbd7c1dd}</UniqueIdentifier>
    </Filter>
    <Filter Include="src\scene\step_03_pathfinder\textfield">
      <UniqueIdentifier>{5536a0a4-196d-4c90-a1fb-3b664d4b1406}</UniqueIdentifier>
    </Filter>
    <Filter Include="src\scene\step_03_pathfinder\tool">
      <UniqueIdentifier>{08dc5ddd-99c0-4d2e-9b50-9816f2ef648e}</UniqueIdentifier>
    </Filter>
    <Filter Include="src\scene\step_01_typetype">
      <UniqueIdentifier>{fc6cb230-d1f4-433c-8a14-1e6e1776c59e}</UniqueIdentifier>
    </Filter>
    <Filter Include="src\scene\step_01_typetype\input">
      <UniqueIdentifier>{3d342e76-ee38-4112-8c52-ccf6a4052275}</UniqueIdentifier>
    </Filter>
    <Filter Include="src\scene\step_01_typetype\sprite">
      <UniqueIdentifier>{893084e8-aead-4aca-bcff-f00e3ce8f14e}</UniqueIdentifier>
    </Filter>
    <Filter Include="src\scene\step_01_typetype\sound">
      <UniqueIdentifier>{6acee36b-12d4-4f2b-8cbd-46abf41ed62f}</UniqueIdentifier>
    </Filter>
    <Filter Include="src\scene\step_01_typetype\game">
      <UniqueIdentifier>{78547db5-83f7-49ce-b454-8b4e73e9bee5}</UniqueIdentifier>
    </Filter>
    <Filter Include="src\scene\step_05_defender">
      <UniqueIdentifier>{84570fc2-9a45-4872-87ef-69d866b1c100}</UniqueIdentifier>
    </Filter>
    <Filter Include="src\scene\step_05_defender\fsm1test">
      <UniqueIdentifier>{1a9c12b1-3aa3-4477-9148-d15770dbbcfa}</UniqueIdentifier>
    </Filter>
    <Filter Include="src\scene\step_05_defender\button_drag">
      <UniqueIdentifier>{da25c484-c0d6-45c1-8eb1-6b18b797d644}</UniqueIdentifier>
    </Filter>
    <Filter Include="src\scene\step_04_mole">
      <UniqueIdentifier>{db5f8dfe-f7e9-4497-9cbb-f89be21386ae}</UniqueIdentifier>
    </Filter>
    <Filter Include="src\scene\step_05_rain_of_chaos">
      <UniqueIdentifier>{6aade675-064c-4874-9f6b-dc07f058b9d4}</UniqueIdentifier>
    </Filter>
    <Filter Include="src\scene\step_05_rain_of_chaos\input">
      <UniqueIdentifier>{1dce0bb6-9de2-4d45-a409-35a7ef25bd30}</UniqueIdentifier>
    </Filter>
    <Filter Include="src\scene\step_05_rain_of_chaos\game">
      <UniqueIdentifier>{94783662-3f8b-4bbd-bc5d-6b9ef1db809e}</UniqueIdentifier>
    </Filter>
    <Filter Include="src\scene\step_04_mole\animation">
      <UniqueIdentifier>{94f7f939-c9ab-40f0-a1d2-7d90e76ed48a}</UniqueIdentifier>
    </Filter>
    <Filter Include="src\scene\step_05_rain_of_chaos\collision">
      <UniqueIdentifier>{e7745824-03e3-48c3-a6df-54dd91a6403f}</UniqueIdentifier>
    </Filter>
    <Filter Include="src\scene\step_04_mole\circle_collision">
      <UniqueIdentifier>{84b3c0ef-8638-4a3c-b4a4-73fae4e2d165}</UniqueIdentifier>
    </Filter>
    <Filter Include="src\scene\step_04_mole\game">
      <UniqueIdentifier>{de456931-1693-478e-bac2-60f1c96d0614}</UniqueIdentifier>
    </Filter>
  </ItemGroup>
  <ItemGroup>
    <ClCompile Include="main.cpp">
      <Filter>win32</Filter>
    </ClCompile>
    <ClCompile Include="..\Classes\AppDelegate.cpp">
      <Filter>src</Filter>
    </ClCompile>
    <ClCompile Include="..\Classes\CPG_Setting.cpp">
      <Filter>src</Filter>
    </ClCompile>
    <ClCompile Include="..\Classes\Research_Setting.cpp">
      <Filter>src</Filter>
    </ClCompile>
    <ClCompile Include="..\Classes\CPG_Input_AllowedKeys.cpp">
      <Filter>src\input</Filter>
    </ClCompile>
    <ClCompile Include="..\Classes\CPG_Input_BasicCollector.cpp">
      <Filter>src\input</Filter>
    </ClCompile>
    <ClCompile Include="..\Classes\CPG_Input_iKeyCollector.cpp">
      <Filter>src\input</Filter>
    </ClCompile>
    <ClCompile Include="..\Classes\CPG_Input_KeyCodeNames.cpp">
      <Filter>src\input</Filter>
    </ClCompile>
    <ClCompile Include="..\Classes\CPG_InputDelegator.cpp">
      <Filter>src\input</Filter>
    </ClCompile>
    <ClCompile Include="..\Classes\CPG_InputKeyMap.cpp">
      <Filter>src\input</Filter>
    </ClCompile>
    <ClCompile Include="..\Classes\CPG_InputTest_KeyboardInputObserver.cpp">
      <Filter>src\input</Filter>
    </ClCompile>
    <ClCompile Include="..\Classes\EntryScene.cpp">
      <Filter>src\scene</Filter>
    </ClCompile>
    <ClCompile Include="..\Classes\CPG_InputTest_KeyViewer.cpp">
      <Filter>src\input</Filter>
    </ClCompile>
    <ClCompile Include="..\Classes\CPG_InputTest_KeyMapConfigHelper.cpp">
      <Filter>src\input</Filter>
    </ClCompile>
    <ClCompile Include="..\Classes\PlayGroundScene.cpp">
      <Filter>src\scene</Filter>
    </ClCompile>
    <ClCompile Include="..\Classes\Step99_RootScene.cpp">
      <Filter>src\scene\step99</Filter>
    </ClCompile>
    <ClCompile Include="..\Classes\Research_Input_AllowedKeysTestScene.cpp">
      <Filter>src\scene\step99</Filter>
    </ClCompile>
    <ClCompile Include="..\Classes\Research_Input_ConfigedKeysTestScene.cpp">
      <Filter>src\scene\step99</Filter>
    </ClCompile>
    <ClCompile Include="..\Classes\Research_Input_KeyAllowScene.cpp">
      <Filter>src\scene\step99</Filter>
    </ClCompile>
    <ClCompile Include="..\Classes\Research_Input_KeyConfigScene.cpp">
      <Filter>src\scene\step99</Filter>
    </ClCompile>
    <ClCompile Include="..\Classes\Research_Input_GamePadTest.cpp">
      <Filter>src\scene</Filter>
    </ClCompile>
    <ClCompile Include="..\Classes\step02_input_KeyCodeCollectScene.cpp">
      <Filter>src\scene\step_05_rain_of_chaos\input</Filter>
    </ClCompile>
    <ClCompile Include="..\Classes\cpg_input_KeyCodeCollector.cpp">
      <Filter>src\input</Filter>
    </ClCompile>
    <ClCompile Include="..\Classes\step02_fsm1test_BasicScene.cpp">
      <Filter>src\scene\step_05_defender\fsm1test</Filter>
    </ClCompile>
    <ClCompile Include="..\Classes\fsm1_Machine.cpp">
      <Filter>src\fsm1</Filter>
    </ClCompile>
    <ClCompile Include="..\Classes\step02_game_rain_of_chaos_TitleScene.cpp">
      <Filter>src\scene\step_05_rain_of_chaos\game</Filter>
    </ClCompile>
    <ClCompile Include="..\Classes\step02_fsm1test_AnimationControlScene.cpp">
      <Filter>src\scene\step_05_defender\fsm1test</Filter>
    </ClCompile>
    <ClCompile Include="..\Classes\cpg_AnimationComponent.cpp">
      <Filter>src\animation</Filter>
    </ClCompile>
    <ClCompile Include="..\Classes\cpg_Animation_Index.cpp">
      <Filter>src\animation</Filter>
    </ClCompile>
    <ClCompile Include="..\Classes\cpg_animation_InfoContainer.cpp">
      <Filter>src\animation</Filter>
    </ClCompile>
    <ClCompile Include="..\Classes\step_clickclick_RootScene.cpp">
      <Filter>src\scene\step_02_clickclick</Filter>
    </ClCompile>
    <ClCompile Include="..\Classes\step_clickclick_animation_PlayNStopScene.cpp">
      <Filter>src\scene\step_02_clickclick\animation</Filter>
    </ClCompile>
    <ClCompile Include="..\Classes\step_clickclick_animation_BasicScene.cpp">
      <Filter>src\scene\step_02_clickclick\animation</Filter>
    </ClCompile>
    <ClCompile Include="..\Classes\step_clickclick_button_BasicScene.cpp">
      <Filter>src\scene\step_02_clickclick\button</Filter>
    </ClCompile>
    <ClCompile Include="..\Classes\step_clickclick_game_Stage.cpp">
      <Filter>src\scene\step_02_clickclick\game</Filter>
    </ClCompile>
    <ClCompile Include="..\Classes\cpg_GridIndexConverter.cpp">
      <Filter>src\cpg</Filter>
    </ClCompile>
    <ClCompile Include="..\Classes\step_clickclick_game_TitleScene.cpp">
      <Filter>src\scene\step_02_clickclick\game</Filter>
    </ClCompile>
    <ClCompile Include="..\Classes\step_clickclick_game_StageView.cpp">
      <Filter>src\scene\step_02_clickclick\game</Filter>
    </ClCompile>
    <ClCompile Include="..\Classes\step_clickclick_game_PlayScene.cpp">
      <Filter>src\scene\step_02_clickclick\game</Filter>
    </ClCompile>
    <ClCompile Include="..\Classes\step_clickclick_game_ResultScene.cpp">
      <Filter>src\scene\step_02_clickclick\game</Filter>
    </ClCompile>
    <ClCompile Include="..\Classes\step_clickclick_game_ExplainScene.cpp">
      <Filter>src\scene\step_02_clickclick\game</Filter>
    </ClCompile>
    <ClCompile Include="..\Classes\step_typetype_RootScene.cpp">
      <Filter>src\scene\step_01_typetype</Filter>
    </ClCompile>
    <ClCompile Include="..\Classes\step_typetype_input_KeyCodeViewScene.cpp">
      <Filter>src\scene\step_01_typetype\input</Filter>
    </ClCompile>
    <ClCompile Include="..\Classes\step_typetype_sprite_TextureTypeScene.cpp">
      <Filter>src\scene\step_01_typetype\sprite</Filter>
    </ClCompile>
    <ClCompile Include="..\Classes\step_typetype_sprite_AnchorPointScene.cpp">
      <Filter>src\scene\step_01_typetype\sprite</Filter>
    </ClCompile>
    <ClCompile Include="..\Classes\step_typetype_sound_Basic.cpp">
      <Filter>src\scene\step_01_typetype\sound</Filter>
    </ClCompile>
    <ClCompile Include="..\Classes\step_typetype_game_StageTestScene.cpp">
      <Filter>src\scene\step_01_typetype\game</Filter>
    </ClCompile>
    <ClCompile Include="..\Classes\step_typetype_game_Stage.cpp">
      <Filter>src\scene\step_01_typetype\game</Filter>
    </ClCompile>
    <ClCompile Include="..\Classes\step_typetype_game_StageView.cpp">
      <Filter>src\scene\step_01_typetype\game</Filter>
    </ClCompile>
    <ClCompile Include="..\Classes\step_typetype_game_TitleScene.cpp">
      <Filter>src\scene\step_01_typetype\game</Filter>
    </ClCompile>
    <ClCompile Include="..\Classes\step_typetype_game_PlayScene.cpp">
      <Filter>src\scene\step_01_typetype\game</Filter>
    </ClCompile>
    <ClCompile Include="..\Classes\step_typetype_game_ResultScene.cpp">
      <Filter>src\scene\step_01_typetype\game</Filter>
    </ClCompile>
    <ClCompile Include="..\Classes\step_clickclick_game_StageTestScene.cpp">
      <Filter>src\scene\step_02_clickclick\game</Filter>
    </ClCompile>
    <ClCompile Include="..\Classes\step_rain_of_chaos_RootScene.cpp">
      <Filter>src\scene\step_05_rain_of_chaos</Filter>
    </ClCompile>
    <ClCompile Include="..\Classes\step_rain_of_chaos_button_DragScene.cpp">
      <Filter>src\scene\step_05_defender\button_drag</Filter>
    </ClCompile>
    <ClCompile Include="..\Classes\step_pathfinder_RootScene.cpp">
      <Filter>src\scene\step_03_pathfinder</Filter>
    </ClCompile>
    <ClCompile Include="..\Classes\step_pathfinder_textField_BasicScene.cpp">
      <Filter>src\scene\step_03_pathfinder\textfield</Filter>
    </ClCompile>
    <ClCompile Include="..\Classes\step_pathfinder_json_LoadNSaveScene.cpp">
      <Filter>src\scene\step_03_pathfinder\json</Filter>
    </ClCompile>
    <ClCompile Include="..\Classes\step_pathfinder_game_StageDataContainer.cpp">
      <Filter>src\scene\step_03_pathfinder\game</Filter>
    </ClCompile>
    <ClCompile Include="..\Classes\step_pathfinder_game_TerrainData.cpp">
      <Filter>src\scene\step_03_pathfinder\game</Filter>
    </ClCompile>
    <ClCompile Include="..\Classes\step_pathfinder_game_terrain_Constant.cpp">
      <Filter>src\scene\step_03_pathfinder\game</Filter>
    </ClCompile>
    <ClCompile Include="..\Classes\step_pathfinder_game_terrain_Viewer.cpp">
      <Filter>src\scene\step_03_pathfinder\game</Filter>
    </ClCompile>
    <ClCompile Include="..\Classes\step_pathfinder_game_PlayScene.cpp">
      <Filter>src\scene\step_03_pathfinder\game</Filter>
    </ClCompile>
    <ClCompile Include="..\Classes\step_pathfinder_game_ResultScene.cpp">
      <Filter>src\scene\step_03_pathfinder\game</Filter>
    </ClCompile>
    <ClCompile Include="..\Classes\step_pathfinder_game_TitleScene.cpp">
      <Filter>src\scene\step_03_pathfinder\game</Filter>
    </ClCompile>
    <ClCompile Include="..\Classes\step_pathfinder_tool_MapToolScene.cpp">
      <Filter>src\scene\step_03_pathfinder\tool</Filter>
    </ClCompile>
    <ClCompile Include="..\Classes\step_pathfinder_tool_TerrainData.cpp">
      <Filter>src\scene\step_03_pathfinder\tool</Filter>
    </ClCompile>
    <ClCompile Include="..\Classes\step_pathfinder_tool_TerrainViewer.cpp">
      <Filter>src\scene\step_03_pathfinder\tool</Filter>
    </ClCompile>
    <ClCompile Include="..\Classes\step_pathfinder_tool_ui_TileSelectNode.cpp">
      <Filter>src\scene\step_03_pathfinder\tool</Filter>
    </ClCompile>
    <ClCompile Include="..\Classes\step_rain_of_chaos_collision_CollectionScene.cpp">
      <Filter>src\scene\step_05_rain_of_chaos\collision</Filter>
    </ClCompile>
    <ClCompile Include="..\Classes\step_defender_RootScene.cpp">
      <Filter>src\scene\step_05_defender</Filter>
    </ClCompile>
    <ClCompile Include="..\Classes\step_rain_of_chaos_CollisionCollection.cpp">
      <Filter>src\scene\step_05_rain_of_chaos\collision</Filter>
    </ClCompile>
    <ClCompile Include="..\Classes\step_mole_RootScene.cpp">
      <Filter>src\scene\step_04_mole</Filter>
    </ClCompile>
    <ClCompile Include="..\Classes\step_mole_animation_ListScene.cpp">
      <Filter>src\scene\step_04_mole\animation</Filter>
    </ClCompile>
    <ClCompile Include="..\Classes\step_mole_animation_ComponentScene.cpp">
      <Filter>src\scene\step_04_mole\animation</Filter>
    </ClCompile>
    <ClCompile Include="..\Classes\step_mole_animation_CallbackScene.cpp">
      <Filter>src\scene\step_04_mole\animation</Filter>
    </ClCompile>
    <ClCompile Include="..\Classes\step_mole_collision_ComponentScene.cpp">
      <Filter>src\scene\step_04_mole\circle_collision</Filter>
    </ClCompile>
    <ClCompile Include="..\Classes\step_mole_collision_BasicScene.cpp">
      <Filter>src\scene\step_04_mole\circle_collision</Filter>
    </ClCompile>
    <ClCompile Include="..\Classes\step_mole_CollisionComponent.cpp">
      <Filter>src\scene\step_04_mole\circle_collision</Filter>
    </ClCompile>
    <ClCompile Include="..\Classes\step_mole_game_StageTestScene.cpp">
      <Filter>src\scene\step_04_mole\game</Filter>
    </ClCompile>
  </ItemGroup>
  <ItemGroup>
    <ClInclude Include="main.h">
      <Filter>win32</Filter>
    </ClInclude>
    <ClInclude Include="..\Classes\AppDelegate.h">
      <Filter>src</Filter>
    </ClInclude>
    <ClInclude Include="..\Classes\CPG_Setting.h">
      <Filter>src</Filter>
    </ClInclude>
    <ClInclude Include="..\Classes\Research_Setting.h">
      <Filter>src</Filter>
    </ClInclude>
    <ClInclude Include="..\Classes\CPG_Input_AllowedKeys.h">
      <Filter>src\input</Filter>
    </ClInclude>
    <ClInclude Include="..\Classes\CPG_Input_BasicCollector.h">
      <Filter>src\input</Filter>
    </ClInclude>
    <ClInclude Include="..\Classes\CPG_Input_iKeyCollector.h">
      <Filter>src\input</Filter>
    </ClInclude>
    <ClInclude Include="..\Classes\CPG_Input_KeyCodeNames.h">
      <Filter>src\input</Filter>
    </ClInclude>
    <ClInclude Include="..\Classes\CPG_InputDelegator.h">
      <Filter>src\input</Filter>
    </ClInclude>
    <ClInclude Include="..\Classes\CPG_InputKeyMap.h">
      <Filter>src\input</Filter>
    </ClInclude>
    <ClInclude Include="..\Classes\CPG_InputTest_KeyboardInputObserver.h">
      <Filter>src\input</Filter>
    </ClInclude>
    <ClInclude Include="..\Classes\EntryScene.h">
      <Filter>src\scene</Filter>
    </ClInclude>
    <ClInclude Include="..\Classes\CPG_InputTest_KeyViewer.h">
      <Filter>src\input</Filter>
    </ClInclude>
    <ClInclude Include="..\Classes\CPG_InputTest_KeyMapConfigHelper.h">
      <Filter>src\input</Filter>
    </ClInclude>
    <ClInclude Include="..\Classes\PlayGroundScene.h">
      <Filter>src\scene</Filter>
    </ClInclude>
    <ClInclude Include="..\Classes\Step99_RootScene.h">
      <Filter>src\scene\step99</Filter>
    </ClInclude>
    <ClInclude Include="..\Classes\Research_Input_AllowedKeysTestScene.h">
      <Filter>src\scene\step99</Filter>
    </ClInclude>
    <ClInclude Include="..\Classes\Research_Input_ConfigedKeysTestScene.h">
      <Filter>src\scene\step99</Filter>
    </ClInclude>
    <ClInclude Include="..\Classes\Research_Input_KeyAllowScene.h">
      <Filter>src\scene\step99</Filter>
    </ClInclude>
    <ClInclude Include="..\Classes\Research_Input_KeyConfigScene.h">
      <Filter>src\scene\step99</Filter>
    </ClInclude>
    <ClInclude Include="..\Classes\Research_Input_GamePadTest.h">
      <Filter>src\scene</Filter>
    </ClInclude>
    <ClInclude Include="..\Classes\CPG_Input_KeyCodeContainer.h">
      <Filter>src\input</Filter>
    </ClInclude>
    <ClInclude Include="..\Classes\step02_input_KeyCodeCollectScene.h">
      <Filter>src\scene\step_05_rain_of_chaos\input</Filter>
    </ClInclude>
    <ClInclude Include="..\Classes\cpg_input_KeyCodeCollector.h">
      <Filter>src\input</Filter>
    </ClInclude>
    <ClInclude Include="..\Classes\step02_fsm1test_BasicScene.h">
      <Filter>src\scene\step_05_defender\fsm1test</Filter>
    </ClInclude>
    <ClInclude Include="..\Classes\fsm1_iState.h">
      <Filter>src\fsm1</Filter>
    </ClInclude>
    <ClInclude Include="..\Classes\fsm1_Machine.h">
      <Filter>src\fsm1</Filter>
    </ClInclude>
    <ClInclude Include="..\Classes\step02_game_rain_of_chaos_TitleScene.h">
      <Filter>src\scene\step_05_rain_of_chaos\game</Filter>
    </ClInclude>
    <ClInclude Include="..\Classes\step02_fsm1test_AnimationControlScene.h">
      <Filter>src\scene\step_05_defender\fsm1test</Filter>
    </ClInclude>
    <ClInclude Include="..\Classes\cpg_AnimationComponent.h">
      <Filter>src\animation</Filter>
    </ClInclude>
    <ClInclude Include="..\Classes\cpg_Animation_Index.h">
      <Filter>src\animation</Filter>
    </ClInclude>
    <ClInclude Include="..\Classes\cpg_Animation_Info.h">
      <Filter>src\animation</Filter>
    </ClInclude>
    <ClInclude Include="..\Classes\cpg_animation_InfoContainer.h">
      <Filter>src\animation</Filter>
    </ClInclude>
    <ClInclude Include="..\Classes\step_clickclick_RootScene.h">
      <Filter>src\scene\step_02_clickclick</Filter>
    </ClInclude>
    <ClInclude Include="..\Classes\step_clickclick_animation_PlayNStopScene.h">
      <Filter>src\scene\step_02_clickclick\animation</Filter>
    </ClInclude>
    <ClInclude Include="..\Classes\step_clickclick_animation_BasicScene.h">
      <Filter>src\scene\step_02_clickclick\animation</Filter>
    </ClInclude>
    <ClInclude Include="..\Classes\step_clickclick_button_BasicScene.h">
      <Filter>src\scene\step_02_clickclick\button</Filter>
    </ClInclude>
    <ClInclude Include="..\Classes\step_clickclick_game_Stage.h">
      <Filter>src\scene\step_02_clickclick\game</Filter>
    </ClInclude>
    <ClInclude Include="..\Classes\cpg_GridIndexConverter.h">
      <Filter>src\cpg</Filter>
    </ClInclude>
    <ClInclude Include="..\Classes\step_clickclick_game_TitleScene.h">
      <Filter>src\scene\step_02_clickclick\game</Filter>
    </ClInclude>
    <ClInclude Include="..\Classes\step_clickclick_game_Constant.h">
      <Filter>src\scene\step_02_clickclick\game</Filter>
    </ClInclude>
    <ClInclude Include="..\Classes\step_clickclick_game_StageView.h">
      <Filter>src\scene\step_02_clickclick\game</Filter>
    </ClInclude>
    <ClInclude Include="..\Classes\step_clickclick_game_PlayScene.h">
      <Filter>src\scene\step_02_clickclick\game</Filter>
    </ClInclude>
    <ClInclude Include="..\Classes\step_clickclick_game_ResultScene.h">
      <Filter>src\scene\step_02_clickclick\game</Filter>
    </ClInclude>
    <ClInclude Include="..\Classes\step_clickclick_game_ExplainScene.h">
      <Filter>src\scene\step_02_clickclick\game</Filter>
    </ClInclude>
    <ClInclude Include="..\Classes\step_typetype_RootScene.h">
      <Filter>src\scene\step_01_typetype</Filter>
    </ClInclude>
    <ClInclude Include="..\Classes\step_typetype_input_KeyCodeViewScene.h">
      <Filter>src\scene\step_01_typetype\input</Filter>
    </ClInclude>
    <ClInclude Include="..\Classes\step_typetype_sprite_TextureTypeScene.h">
      <Filter>src\scene\step_01_typetype\sprite</Filter>
    </ClInclude>
    <ClInclude Include="..\Classes\step_typetype_sprite_AnchorPointScene.h">
      <Filter>src\scene\step_01_typetype\sprite</Filter>
    </ClInclude>
    <ClInclude Include="..\Classes\step_typetype_sound_Basic.h">
      <Filter>src\scene\step_01_typetype\sound</Filter>
    </ClInclude>
    <ClInclude Include="..\Classes\step_typetype_game_StageTestScene.h">
      <Filter>src\scene\step_01_typetype\game</Filter>
    </ClInclude>
    <ClInclude Include="..\Classes\step_typetype_game_Stage.h">
      <Filter>src\scene\step_01_typetype\game</Filter>
    </ClInclude>
    <ClInclude Include="..\Classes\step_typetype_game_StageView.h">
      <Filter>src\scene\step_01_typetype\game</Filter>
    </ClInclude>
    <ClInclude Include="..\Classes\step_typetype_game_TitleScene.h">
      <Filter>src\scene\step_01_typetype\game</Filter>
    </ClInclude>
    <ClInclude Include="..\Classes\step_typetype_game_PlayScene.h">
      <Filter>src\scene\step_01_typetype\game</Filter>
    </ClInclude>
    <ClInclude Include="..\Classes\step_typetype_game_ResultScene.h">
      <Filter>src\scene\step_01_typetype\game</Filter>
    </ClInclude>
    <ClInclude Include="..\Classes\step_clickclick_game_StageTestScene.h">
      <Filter>src\scene\step_02_clickclick\game</Filter>
    </ClInclude>
    <ClInclude Include="..\Classes\step_rain_of_chaos_RootScene.h">
      <Filter>src\scene\step_05_rain_of_chaos</Filter>
    </ClInclude>
    <ClInclude Include="..\Classes\step_rain_of_chaos_button_DragScene.h">
      <Filter>src\scene\step_05_defender\button_drag</Filter>
    </ClInclude>
    <ClInclude Include="..\Classes\step_pathfinder_RootScene.h">
      <Filter>src\scene\step_03_pathfinder</Filter>
    </ClInclude>
    <ClInclude Include="..\Classes\step_pathfinder_textField_BasicScene.h">
      <Filter>src\scene\step_03_pathfinder\textfield</Filter>
    </ClInclude>
    <ClInclude Include="..\Classes\step_pathfinder_json_LoadNSaveScene.h">
      <Filter>src\scene\step_03_pathfinder\json</Filter>
    </ClInclude>
    <ClInclude Include="..\Classes\step_pathfinder_game_StageDataContainer.h">
      <Filter>src\scene\step_03_pathfinder\game</Filter>
    </ClInclude>
    <ClInclude Include="..\Classes\step_pathfinder_game_TerrainData.h">
      <Filter>src\scene\step_03_pathfinder\game</Filter>
    </ClInclude>
    <ClInclude Include="..\Classes\step_pathfinder_game_terrain_Constant.h">
      <Filter>src\scene\step_03_pathfinder\game</Filter>
    </ClInclude>
    <ClInclude Include="..\Classes\step_pathfinder_game_terrain_Viewer.h">
      <Filter>src\scene\step_03_pathfinder\game</Filter>
    </ClInclude>
    <ClInclude Include="..\Classes\step_pathfinder_game_PlayScene.h">
      <Filter>src\scene\step_03_pathfinder\game</Filter>
    </ClInclude>
    <ClInclude Include="..\Classes\step_pathfinder_game_ResultScene.h">
      <Filter>src\scene\step_03_pathfinder\game</Filter>
    </ClInclude>
    <ClInclude Include="..\Classes\step_pathfinder_game_TitleScene.h">
      <Filter>src\scene\step_03_pathfinder\game</Filter>
    </ClInclude>
    <ClInclude Include="..\Classes\step_pathfinder_tool_MapToolScene.h">
      <Filter>src\scene\step_03_pathfinder\tool</Filter>
    </ClInclude>
    <ClInclude Include="..\Classes\step_pathfinder_tool_TerrainData.h">
      <Filter>src\scene\step_03_pathfinder\tool</Filter>
    </ClInclude>
    <ClInclude Include="..\Classes\step_pathfinder_tool_TerrainViewer.h">
      <Filter>src\scene\step_03_pathfinder\tool</Filter>
    </ClInclude>
    <ClInclude Include="..\Classes\step_pathfinder_tool_ui_TileSelectNode.h">
      <Filter>src\scene\step_03_pathfinder\tool</Filter>
    </ClInclude>
    <ClInclude Include="..\Classes\step_rain_of_chaos_collision_CollectionScene.h">
      <Filter>src\scene\step_05_rain_of_chaos\collision</Filter>
    </ClInclude>
    <ClInclude Include="..\Classes\step_defender_RootScene.h">
      <Filter>src\scene\step_05_defender</Filter>
    </ClInclude>
    <ClInclude Include="..\Classes\step_rain_of_chaos_CollisionCollection.h">
      <Filter>src\scene\step_05_rain_of_chaos\collision</Filter>
    </ClInclude>
    <ClInclude Include="..\Classes\step_mole_RootScene.h">
      <Filter>src\scene\step_04_mole</Filter>
    </ClInclude>
    <ClInclude Include="..\Classes\step_mole_animation_ListScene.h">
      <Filter>src\scene\step_04_mole\animation</Filter>
    </ClInclude>
    <ClInclude Include="..\Classes\step_mole_animation_ComponentScene.h">
      <Filter>src\scene\step_04_mole\animation</Filter>
    </ClInclude>
    <ClInclude Include="..\Classes\step_mole_animation_CallbackScene.h">
      <Filter>src\scene\step_04_mole\animation</Filter>
    </ClInclude>
    <ClInclude Include="..\Classes\step_mole_collision_BasicScene.h">
      <Filter>src\scene\step_04_mole\circle_collision</Filter>
    </ClInclude>
    <ClInclude Include="..\Classes\step_mole_collision_ComponentScene.h">
      <Filter>src\scene\step_04_mole\circle_collision</Filter>
    </ClInclude>
    <ClInclude Include="..\Classes\step_mole_CollisionComponent.h">
      <Filter>src\scene\step_04_mole\circle_collision</Filter>
    </ClInclude>
    <ClInclude Include="..\Classes\step_mole_game_StageTestScene.h">
      <Filter>src\scene\step_04_mole\game</Filter>
    </ClInclude>
  </ItemGroup>
  <ItemGroup>
    <ResourceCompile Include="game.rc">
      <Filter>resource</Filter>
    </ResourceCompile>
  </ItemGroup>
</Project>